
Microsoft Visual Studio Solution File, Format Version 12.00
# Visual Studio 2012
Project("{FAE04EC0-301F-11D3-BF4B-00C04F79EFBC}") = "MR-Fragancias", "MR-Fragancias\MR-Fragancias.csproj", "{A01285A4-F0D9-4D98-BDD3-020A28A7FC3C}"
EndProject
Project("{FAE04EC0-301F-11D3-BF4B-00C04F79EFBC}") = "AccesoADatos", "AccesoADatos\AccesoADatos.csproj", "{C3935C9A-6352-4002-B57E-7B558B0B05D4}"
EndProject
Project("{FAE04EC0-301F-11D3-BF4B-00C04F79EFBC}") = "Negocio", "Negocio\Negocio.csproj", "{E5485CA2-1992-4608-AB2C-74B2C0B5523E}"
EndProject
Global
	GlobalSection(SolutionConfigurationPlatforms) = preSolution
		Debug|Any CPU = Debug|Any CPU
		Release|Any CPU = Release|Any CPU
	EndGlobalSection
	GlobalSection(ProjectConfigurationPlatforms) = postSolution
		{A01285A4-F0D9-4D98-BDD3-020A28A7FC3C}.Debug|Any CPU.ActiveCfg = Debug|Any CPU
		{A01285A4-F0D9-4D98-BDD3-020A28A7FC3C}.Debug|Any CPU.Build.0 = Debug|Any CPU
		{A01285A4-F0D9-4D98-BDD3-020A28A7FC3C}.Release|Any CPU.ActiveCfg = Release|Any CPU
		{A01285A4-F0D9-4D98-BDD3-020A28A7FC3C}.Release|Any CPU.Build.0 = Release|Any CPU
		{C3935C9A-6352-4002-B57E-7B558B0B05D4}.Debug|Any CPU.ActiveCfg = Debug|Any CPU
		{C3935C9A-6352-4002-B57E-7B558B0B05D4}.Debug|Any CPU.Build.0 = Debug|Any CPU
		{C3935C9A-6352-4002-B57E-7B558B0B05D4}.Release|Any CPU.ActiveCfg = Release|Any CPU
		{C3935C9A-6352-4002-B57E-7B558B0B05D4}.Release|Any CPU.Build.0 = Release|Any CPU
		{E5485CA2-1992-4608-AB2C-74B2C0B5523E}.Debug|Any CPU.ActiveCfg = Debug|Any CPU
		{E5485CA2-1992-4608-AB2C-74B2C0B5523E}.Debug|Any CPU.Build.0 = Debug|Any CPU
		{E5485CA2-1992-4608-AB2C-74B2C0B5523E}.Release|Any CPU.ActiveCfg = Release|Any CPU
		{E5485CA2-1992-4608-AB2C-74B2C0B5523E}.Release|Any CPU.Build.0 = Release|Any CPU
	EndGlobalSection
	GlobalSection(SolutionProperties) = preSolution
		HideSolutionNode = FALSE
	EndGlobalSection
EndGlobal
